{
  "requires": true,
  "lockfileVersion": 1,
  "dependencies": {
    "@antv/adjust": {
      "version": "0.1.1",
      "resolved": "https://registry.npm.taobao.org/@antv/adjust/download/@antv/adjust-0.1.1.tgz?cache=0&sync_timestamp=1602724458330&other_urls=https%3A%2F%2Fregistry.npm.taobao.org%2F%40antv%2Fadjust%2Fdownload%2F%40antv%2Fadjust-0.1.1.tgz",
      "integrity": "sha1-4mOrDhoZQaZIhC/Ahs9lp+O3Xpg=",
      "requires": {
        "@antv/util": "~1.3.1"
      },
      "dependencies": {
        "@antv/util": {
          "version": "1.3.1",
          "resolved": "https://registry.npm.taobao.org/@antv/util/download/@antv/util-1.3.1.tgz?cache=0&sync_timestamp=1614258347113&other_urls=https%3A%2F%2Fregistry.npm.taobao.org%2F%40antv%2Futil%2Fdownload%2F%40antv%2Futil-1.3.1.tgz",
          "integrity": "sha1-MKNLIB/5Em7A1YxyyBZqnD5kTM0=",
          "requires": {
            "@antv/gl-matrix": "^2.7.1"
          }
        }
      }
    },
    "@antv/f2": {
      "version": "3.8.3",
      "resolved": "https://registry.npm.taobao.org/@antv/f2/download/@antv/f2-3.8.3.tgz?cache=0&sync_timestamp=1614941278205&other_urls=https%3A%2F%2Fregistry.npm.taobao.org%2F%40antv%2Ff2%2Fdownload%2F%40antv%2Ff2-3.8.3.tgz",
      "integrity": "sha1-Oh4MDQIzSudS2lH1khxXFQK0caY=",
      "requires": {
        "@antv/adjust": "~0.1.1",
        "@antv/scale": "~0.3.3",
        "@antv/util": "~2.0.6",
        "@babel/runtime": "^7.7.7",
        "@types/hammerjs": "^2.0.36",
        "hammerjs": "^2.0.8",
        "type-fest": "^0.15.1"
      }
    },
    "@antv/gl-matrix": {
      "version": "2.7.1",
      "resolved": "https://registry.npm.taobao.org/@antv/gl-matrix/download/@antv/gl-matrix-2.7.1.tgz",
      "integrity": "sha1-rLjjf3qz3wE0WrpDcteUK+QuuhQ="
    },
    "@antv/scale": {
      "version": "0.3.9",
      "resolved": "https://registry.npm.taobao.org/@antv/scale/download/@antv/scale-0.3.9.tgz?cache=0&sync_timestamp=1613798007915&other_urls=https%3A%2F%2Fregistry.npm.taobao.org%2F%40antv%2Fscale%2Fdownload%2F%40antv%2Fscale-0.3.9.tgz",
      "integrity": "sha1-xXzH/V6eArlghVgwGreTSxj4E30=",
      "requires": {
        "@antv/util": "~2.0.3",
        "fecha": "~4.2.0",
        "tslib": "^2.0.0"
      }
    },
    "@antv/util": {
      "version": "2.0.13",
      "resolved": "https://registry.npm.taobao.org/@antv/util/download/@antv/util-2.0.13.tgz?cache=0&sync_timestamp=1614258347113&other_urls=https%3A%2F%2Fregistry.npm.taobao.org%2F%40antv%2Futil%2Fdownload%2F%40antv%2Futil-2.0.13.tgz",
      "integrity": "sha1-fC5wHYlScRbsF89aQAQTxcavy00=",
      "requires": {
        "tslib": "^2.0.3"
      }
    },
    "@babel/runtime": {
      "version": "7.13.9",
      "resolved": "https://registry.npm.taobao.org/@babel/runtime/download/@babel/runtime-7.13.9.tgz?cache=0&other_urls=https%3A%2F%2Fregistry.npm.taobao.org%2F%40babel%2Fruntime%2Fdownload%2F%40babel%2Fruntime-7.13.9.tgz",
      "integrity": "sha1-l9viEW4mMMSJ8i4GVt7NYKqh/O4=",
      "requires": {
        "regenerator-runtime": "^0.13.4"
      }
    },
    "@types/hammerjs": {
      "version": "2.0.39",
      "resolved": "https://registry.npm.taobao.org/@types/hammerjs/download/@types/hammerjs-2.0.39.tgz?cache=0&sync_timestamp=1613767607853&other_urls=https%3A%2F%2Fregistry.npm.taobao.org%2F%40types%2Fhammerjs%2Fdownload%2F%40types%2Fhammerjs-2.0.39.tgz",
      "integrity": "sha1-S+ZLus84E8ecDauJXGsP3H1eUT8="
    },
    "array-filter": {
      "version": "1.0.0",
      "resolved": "https://registry.npm.taobao.org/array-filter/download/array-filter-1.0.0.tgz",
      "integrity": "sha1-uveeYubvTCpMC4MSMtr/7CUfnYM="
    },
    "array-find": {
      "version": "1.0.0",
      "resolved": "https://registry.npm.taobao.org/array-find/download/array-find-1.0.0.tgz",
      "integrity": "sha1-bI4obRHtdoMn+OYuzuhzU8o+eLg="
    },
    "array-map": {
      "version": "0.0.0",
      "resolved": "https://registry.npm.taobao.org/array-map/download/array-map-0.0.0.tgz",
      "integrity": "sha1-iKK6tz0c97zVwbEYoAP2b2ZfpmI="
    },
    "array-shuffle": {
      "version": "1.0.1",
      "resolved": "https://registry.npm.taobao.org/array-shuffle/download/array-shuffle-1.0.1.tgz",
      "integrity": "sha1-fqSIKjVrS8pfVF4LblLq9tlxVXo="
    },
    "autosize": {
      "version": "3.0.21",
      "resolved": "https://registry.npm.taobao.org/autosize/download/autosize-3.0.21.tgz",
      "integrity": "sha1-8YL0DRd1fZeKE5pMnKQMTA5EhgM="
    },
    "axios": {
      "version": "0.15.3",
      "resolved": "https://registry.npm.taobao.org/axios/download/axios-0.15.3.tgz",
      "integrity": "sha1-LJ1jiy4ZGgjqHWzJiOrda6W9wFM=",
      "requires": {
        "follow-redirects": "1.0.0"
      }
    },
    "balajs": {
      "version": "0.1.9",
      "resolved": "https://registry.npm.taobao.org/balajs/download/balajs-0.1.9.tgz",
      "integrity": "sha1-4D0eb7iNU8waJZGnv+xw0eUtjwA="
    },
    "big.js": {
      "version": "3.2.0",
      "resolved": "https://registry.npm.taobao.org/big.js/download/big.js-3.2.0.tgz",
      "integrity": "sha1-pfwpi4G54Nyi5FiCR4S2XFK6WI4="
    },
    "blueimp-md5": {
      "version": "2.18.0",
      "resolved": "https://registry.npm.taobao.org/blueimp-md5/download/blueimp-md5-2.18.0.tgz",
      "integrity": "sha1-EVK+EzXwxrORHtnjbbVPPmrFKTU="
    },
    "countup.js": {
      "version": "1.9.3",
      "resolved": "https://registry.npm.taobao.org/countup.js/download/countup.js-1.9.3.tgz",
      "integrity": "sha1-zj5QzXFgRB5HjwfaMYle3MDxyd0="
    },
    "debug": {
      "version": "2.6.9",
      "resolved": "https://registry.npm.taobao.org/debug/download/debug-2.6.9.tgz?cache=0&sync_timestamp=1607566551397&other_urls=https%3A%2F%2Fregistry.npm.taobao.org%2Fdebug%2Fdownload%2Fdebug-2.6.9.tgz",
      "integrity": "sha1-XRKFFd8TT/Mn6QpMk/Tgd6U2NB8=",
      "requires": {
        "ms": "2.0.0"
      }
    },
    "element-closest": {
      "version": "2.0.2",
      "resolved": "https://registry.npm.taobao.org/element-closest/download/element-closest-2.0.2.tgz",
      "integrity": "sha1-cqdAoQdFM4LijfnOXbtajfD5Zuw="
    },
    "fastclick": {
      "version": "1.0.6",
      "resolved": "https://registry.npm.taobao.org/fastclick/download/fastclick-1.0.6.tgz",
      "integrity": "sha1-FhYlsnsaWAZAWTa9qaLBkm0Gvmo="
    },
    "fecha": {
      "version": "4.2.0",
      "resolved": "https://registry.npm.taobao.org/fecha/download/fecha-4.2.0.tgz",
      "integrity": "sha1-P/tjlUU+Pz7/+FBATwpZtnR/X0E="
    },
    "follow-redirects": {
      "version": "1.0.0",
      "resolved": "https://registry.npm.taobao.org/follow-redirects/download/follow-redirects-1.0.0.tgz",
      "integrity": "sha1-jjQpjL0uF28lTv/sdaHHjMhJ/Tc=",
      "requires": {
        "debug": "^2.2.0"
      }
    },
    "hammerjs": {
      "version": "2.0.8",
      "resolved": "https://registry.npm.taobao.org/hammerjs/download/hammerjs-2.0.8.tgz",
      "integrity": "sha1-BO93hiz/K7edMPdpIJWTAiK/YPE="
    },
    "lodash.debounce": {
      "version": "4.0.8",
      "resolved": "https://registry.npm.taobao.org/lodash.debounce/download/lodash.debounce-4.0.8.tgz",
      "integrity": "sha1-gteb/zCmfEAF/9XiUVMArZyk168="
    },
    "lodash.throttle": {
      "version": "4.1.1",
      "resolved": "https://registry.npm.taobao.org/lodash.throttle/download/lodash.throttle-4.1.1.tgz",
      "integrity": "sha1-wj6RtxAkKscMN/HhzaknTMOb8vQ="
    },
    "ms": {
      "version": "2.0.0",
      "resolved": "https://registry.npm.taobao.org/ms/download/ms-2.0.0.tgz?cache=0&sync_timestamp=1607433856030&other_urls=https%3A%2F%2Fregistry.npm.taobao.org%2Fms%2Fdownload%2Fms-2.0.0.tgz",
      "integrity": "sha1-VgiurfwAvmwpAd9fmGF4jeDVl8g="
    },
    "object-assign": {
      "version": "4.1.1",
      "resolved": "https://registry.npm.taobao.org/object-assign/download/object-assign-4.1.1.tgz",
      "integrity": "sha1-IQmtx5ZYh8/AXLvUQsrIv7s2CGM="
    },
    "qr.js": {
      "version": "0.0.0",
      "resolved": "https://registry.npm.taobao.org/qr.js/download/qr.js-0.0.0.tgz",
      "integrity": "sha1-ys6GOG9ZoNuAUPqQ2baw6IoeNk8="
    },
    "regenerator-runtime": {
      "version": "0.13.7",
      "resolved": "https://registry.npm.taobao.org/regenerator-runtime/download/regenerator-runtime-0.13.7.tgz",
      "integrity": "sha1-ysLazIoepnX+qrrriugziYrkb1U="
    },
    "shake.js": {
      "version": "1.2.2",
      "resolved": "https://registry.npm.taobao.org/shake.js/download/shake.js-1.2.2.tgz",
      "integrity": "sha1-sqxWCoKr5o14oCliOnCI4bMLrP8="
    },
    "tslib": {
      "version": "2.1.0",
      "resolved": "https://registry.npm.taobao.org/tslib/download/tslib-2.1.0.tgz?cache=0&sync_timestamp=1609887512458&other_urls=https%3A%2F%2Fregistry.npm.taobao.org%2Ftslib%2Fdownload%2Ftslib-2.1.0.tgz",
      "integrity": "sha1-2mCGDxwuyqVwOrfTm8Bba/mIuXo="
    },
    "type-fest": {
      "version": "0.15.1",
      "resolved": "https://registry.npm.taobao.org/type-fest/download/type-fest-0.15.1.tgz?cache=0&sync_timestamp=1614017094998&other_urls=https%3A%2F%2Fregistry.npm.taobao.org%2Ftype-fest%2Fdownload%2Ftype-fest-0.15.1.tgz",
      "integrity": "sha1-0sTnPT5KU88akGOW3UYKHFF4ygA="
    },
    "validator": {
      "version": "9.4.1",
      "resolved": "https://registry.npm.taobao.org/validator/download/validator-9.4.1.tgz",
      "integrity": "sha1-q/Rm05i1Yc0kMFARLG/x3mzBJmM="
    },
    "vanilla-masker": {
      "version": "1.2.0",
      "resolved": "https://registry.npm.taobao.org/vanilla-masker/download/vanilla-masker-1.2.0.tgz",
      "integrity": "sha1-woMOnZlKX+zSJhUGR3wnB/5Yl1Y="
    },
    "vue": {
      "version": "2.6.12",
      "resolved": "https://registry.npmjs.org/vue/-/vue-2.6.12.tgz",
      "integrity": "sha512-uhmLFETqPPNyuLLbsKz6ioJ4q7AZHzD8ZVFNATNyICSZouqP2Sz0rotWQC8UNBF6VGSCs5abnKJoStA6JbCbfg=="
    },
    "vux": {
      "version": "2.9.4",
      "resolved": "https://registry.npm.taobao.org/vux/download/vux-2.9.4.tgz",
      "integrity": "sha1-OWTfTwrFSz+/bMm+sHLkTc4Ar6o=",
      "requires": {
        "@antv/f2": "^3.1.4-beta.2",
        "array-filter": "^1.0.0",
        "array-find": "^1.0.0",
        "array-map": "^0.0.0",
        "array-shuffle": "^1.0.1",
        "autosize": "^3.0.20",
        "axios": "^0.15.3",
        "big.js": "^3.1.3",
        "blueimp-md5": "^2.6.0",
        "countup.js": "^1.8.1",
        "fastclick": "^1.0.6",
        "lodash.debounce": "^4.0.8",
        "lodash.throttle": "^4.1.1",
        "object-assign": "^4.1.0",
        "qr.js": "0.0.0",
        "shake.js": "^1.2.2",
        "validator": "^9.3.0",
        "vanilla-masker": "^1.2.0",
        "vux-blazy": "^1.6.4",
        "vux-xscroll": "^3.1.10",
        "x-photoswipe": "^4.1.3-rc.1"
      }
    },
    "vux-blazy": {
      "version": "1.6.4",
      "resolved": "https://registry.npm.taobao.org/vux-blazy/download/vux-blazy-1.6.4.tgz",
      "integrity": "sha1-4zBz2QLgo4RO8aRjzOPKLgqrR78="
    },
    "vux-xscroll": {
      "version": "3.1.12",
      "resolved": "https://registry.npm.taobao.org/vux-xscroll/download/vux-xscroll-3.1.12.tgz",
      "integrity": "sha1-41Ln+dxfn+6SU9szHJZ91Ws7yVA="
    },
    "weui": {
      "version": "2.4.3",
      "resolved": "https://registry.npm.taobao.org/weui/download/weui-2.4.3.tgz",
      "integrity": "sha1-om1z9Vt0sAd9n84EEwradBsb0IU="
    },
    "weui.js": {
      "version": "1.2.2",
      "resolved": "https://registry.npm.taobao.org/weui.js/download/weui.js-1.2.2.tgz",
      "integrity": "sha1-u4433OU7MTKizBpE0Eb15QHfNTA=",
      "requires": {
        "balajs": "^0.1.9",
        "element-closest": "^2.0.1",
        "object-assign": "^4.1.0"
      }
    },
    "x-photoswipe": {
      "version": "4.1.3-rc.1",
      "resolved": "https://registry.npm.taobao.org/x-photoswipe/download/x-photoswipe-4.1.3-rc.1.tgz",
      "integrity": "sha1-52GQF1LdPdH3GOU4UUtgm13199s="
    }
  }
}
